
Microsoft Visual Studio Solution File, Format Version 12.00
# Visual Studio Version 16
VisualStudioVersion = 16.0.29613.14
MinimumVisualStudioVersion = 10.0.40219.1
Project("{FAE04EC0-301F-11D3-BF4B-00C04F79EFBC}") = "CheeseMVC", "CheeseMVC\CheeseMVC.csproj", "{1463E840-FF9A-48DD-ACD1-5E740A92443B}"
EndProject
Global
	GlobalSection(SolutionConfigurationPlatforms) = preSolution
		Debug|Any CPU = Debug|Any CPU
		Release|Any CPU = Release|Any CPU
	EndGlobalSection
	GlobalSection(ProjectConfigurationPlatforms) = postSolution
		{1463E840-FF9A-48DD-ACD1-5E740A92443B}.Debug|Any CPU.ActiveCfg = Debug|Any CPU
		{1463E840-FF9A-48DD-ACD1-5E740A92443B}.Debug|Any CPU.Build.0 = Debug|Any CPU
		{1463E840-FF9A-48DD-ACD1-5E740A92443B}.Release|Any CPU.ActiveCfg = Release|Any CPU
		{1463E840-FF9A-48DD-ACD1-5E740A92443B}.Release|Any CPU.Build.0 = Release|Any CPU
	EndGlobalSection
	GlobalSection(SolutionProperties) = preSolution
		HideSolutionNode = FALSE
	EndGlobalSection
	GlobalSection(ExtensibilityGlobals) = postSolution
		SolutionGuid = {10A42382-BAB5-43CE-AC6B-39ADE6126148}
	EndGlobalSection
EndGlobal
