
Microsoft Visual Studio Solution File, Format Version 12.00
# Visual Studio Version 16
VisualStudioVersion = 16.0.29613.14
MinimumVisualStudioVersion = 10.0.40219.1
Project("{FAE04EC0-301F-11D3-BF4B-00C04F79EFBC}") = "Restaurant", "Menu\Restaurant.csproj", "{1B456385-34E6-4648-90BB-506303F01474}"
EndProject
Global
	GlobalSection(SolutionConfigurationPlatforms) = preSolution
		Debug|Any CPU = Debug|Any CPU
		Release|Any CPU = Release|Any CPU
	EndGlobalSection
	GlobalSection(ProjectConfigurationPlatforms) = postSolution
		{1B456385-34E6-4648-90BB-506303F01474}.Debug|Any CPU.ActiveCfg = Debug|Any CPU
		{1B456385-34E6-4648-90BB-506303F01474}.Debug|Any CPU.Build.0 = Debug|Any CPU
		{1B456385-34E6-4648-90BB-506303F01474}.Release|Any CPU.ActiveCfg = Release|Any CPU
		{1B456385-34E6-4648-90BB-506303F01474}.Release|Any CPU.Build.0 = Release|Any CPU
	EndGlobalSection
	GlobalSection(SolutionProperties) = preSolution
		HideSolutionNode = FALSE
	EndGlobalSection
	GlobalSection(ExtensibilityGlobals) = postSolution
		SolutionGuid = {0E33261B-4554-415E-94C3-946E157CC480}
	EndGlobalSection
EndGlobal
